
Microsoft Visual Studio Solution File, Format Version 12.00
# Visual Studio Version 17
VisualStudioVersion = 17.0.32112.339
MinimumVisualStudioVersion = 10.0.40219.1
Project("{9A19103F-16F7-4668-BE54-9A1E7A4F7556}") = "GestaoTarefas.WinApp", "GestaoTarefas.WinApp\GestaoTarefas.WinApp.csproj", "{9409F482-B729-4199-95A3-BDB8564DCA72}"
EndProject
Project("{2150E333-8FDC-42A3-9474-1A3956D46DE8}") = "Solution Items", "Solution Items", "{60501138-B82A-40DE-99B4-594A7F566053}"
	ProjectSection(SolutionItems) = preProject
		.editorconfig = .editorconfig
	EndProjectSection
EndProject
Project("{9A19103F-16F7-4668-BE54-9A1E7A4F7556}") = "GestaoTarefas.ConsoleApp", "GestaoTarefas.ConsoleApp\GestaoTarefas.ConsoleApp.csproj", "{9459C6E8-9F94-4D05-AC7A-AB112FC6C0F4}"
EndProject
Project("{9A19103F-16F7-4668-BE54-9A1E7A4F7556}") = "GestaoTarefas.Dominio", "GestaoTarefas.Dominio\GestaoTarefas.Dominio.csproj", "{F2FB27A4-016E-4FFB-AB03-7D06502A1F33}"
EndProject
Project("{2150E333-8FDC-42A3-9474-1A3956D46DE8}") = "1 - Apresetação", "1 - Apresetação", "{0677DC2E-0311-4DA6-88B9-65F0A5C2F9EB}"
EndProject
Project("{2150E333-8FDC-42A3-9474-1A3956D46DE8}") = "2 - Dominio", "2 - Dominio", "{CEC6F850-DA8A-488D-A220-CED861879666}"
EndProject
Project("{2150E333-8FDC-42A3-9474-1A3956D46DE8}") = "3 - Infra", "3 - Infra", "{7E7222A1-CC80-44F3-B735-77E1F570E5BE}"
EndProject
Project("{9A19103F-16F7-4668-BE54-9A1E7A4F7556}") = "GeestaoTarefas.Infra.Arquivos", "GeestaoTarefas.Infra.Arquivos\GeestaoTarefas.Infra.Arquivos.csproj", "{CD70F02F-DC93-406C-91A1-2E23C65A02E7}"
EndProject
Project("{2150E333-8FDC-42A3-9474-1A3956D46DE8}") = "Arquivos", "Arquivos", "{316E5A44-544B-41B7-B495-C4B6AF215590}"
EndProject
Project("{2150E333-8FDC-42A3-9474-1A3956D46DE8}") = "ModuloTarefa", "ModuloTarefa", "{C42DE75A-EF47-4CDD-AF26-81D3061D8079}"
EndProject
Project("{2150E333-8FDC-42A3-9474-1A3956D46DE8}") = "ModuloTarefa", "ModuloTarefa", "{2297F717-AE58-4A42-939B-0414A2A8E9CE}"
EndProject
Project("{2150E333-8FDC-42A3-9474-1A3956D46DE8}") = "ModuloTarefa", "ModuloTarefa", "{6F281117-3F20-4149-B4E1-4147F4E4CCD0}"
EndProject
Project("{2150E333-8FDC-42A3-9474-1A3956D46DE8}") = "ModuloContato", "ModuloContato", "{ED6C0F1C-6966-4369-9B36-0D3DB1C544BA}"
EndProject
Project("{2150E333-8FDC-42A3-9474-1A3956D46DE8}") = "ModuloContato", "ModuloContato", "{CD79CB9E-66C5-41D0-8EF6-6B32330B7E98}"
EndProject
Project("{2150E333-8FDC-42A3-9474-1A3956D46DE8}") = "ModuloContato", "ModuloContato", "{D697CB8D-67CE-40DD-AC93-0DD41E9EE360}"
EndProject
Project("{9A19103F-16F7-4668-BE54-9A1E7A4F7556}") = "GestaoContatos.Dominio", "GestaoContatos.Dominio\GestaoContatos.Dominio.csproj", "{FD43B39B-7505-445D-BEDC-FB15A29C1190}"
EndProject
Project("{9A19103F-16F7-4668-BE54-9A1E7A4F7556}") = "GestaoContatos.Infra.Arquivos", "GestaoContatos.Infra.Arquivos\GestaoContatos.Infra.Arquivos.csproj", "{3C03FAC8-DFD4-45F5-9960-F97C46A5830B}"
EndProject
Project("{9A19103F-16F7-4668-BE54-9A1E7A4F7556}") = "GestaoContatos.WinApp", "GestaoContatos.WinApp\GestaoContatos.WinApp.csproj", "{9EC9C27D-34B9-4222-9CF3-E27EC6710675}"
EndProject
Project("{2150E333-8FDC-42A3-9474-1A3956D46DE8}") = "ModuloCompromisso", "ModuloCompromisso", "{52C12897-A26A-42D6-86E7-B667A9094413}"
EndProject
Project("{FAE04EC0-301F-11D3-BF4B-00C04F79EFBC}") = "GestaoCompromissos.Dominio", "GestaoCompromissos.Dominio\GestaoCompromissos.Dominio.csproj", "{56A68DF3-2A10-4DC3-AB88-761F62094595}"
EndProject
Project("{2150E333-8FDC-42A3-9474-1A3956D46DE8}") = "ModuloCompromisso", "ModuloCompromisso", "{41D3FA03-6902-4D5D-9CDB-A8BE94CB930A}"
EndProject
Project("{FAE04EC0-301F-11D3-BF4B-00C04F79EFBC}") = "GestaoCompromissos.Infra.Arquivos", "GestaoCompromissos.Infra.Arquivos\GestaoCompromissos.Infra.Arquivos.csproj", "{CCC90F08-84E3-4024-B556-53A89AD36FC9}"
EndProject
Project("{2150E333-8FDC-42A3-9474-1A3956D46DE8}") = "ModuloCompromisso", "ModuloCompromisso", "{D732C283-873E-4A04-AEA3-11089E28E8F1}"
EndProject
Project("{FAE04EC0-301F-11D3-BF4B-00C04F79EFBC}") = "GestaoCompromissos.WinApp", "GestaoCompromissos.WinApp\GestaoCompromissos.WinApp.csproj", "{3C2A408D-820B-4940-9FD9-566DAE6EB1D1}"
EndProject
Global
	GlobalSection(SolutionConfigurationPlatforms) = preSolution
		Debug|Any CPU = Debug|Any CPU
		Release|Any CPU = Release|Any CPU
	EndGlobalSection
	GlobalSection(ProjectConfigurationPlatforms) = postSolution
		{9409F482-B729-4199-95A3-BDB8564DCA72}.Debug|Any CPU.ActiveCfg = Debug|Any CPU
		{9409F482-B729-4199-95A3-BDB8564DCA72}.Debug|Any CPU.Build.0 = Debug|Any CPU
		{9409F482-B729-4199-95A3-BDB8564DCA72}.Release|Any CPU.ActiveCfg = Release|Any CPU
		{9409F482-B729-4199-95A3-BDB8564DCA72}.Release|Any CPU.Build.0 = Release|Any CPU
		{9459C6E8-9F94-4D05-AC7A-AB112FC6C0F4}.Debug|Any CPU.ActiveCfg = Debug|Any CPU
		{9459C6E8-9F94-4D05-AC7A-AB112FC6C0F4}.Debug|Any CPU.Build.0 = Debug|Any CPU
		{9459C6E8-9F94-4D05-AC7A-AB112FC6C0F4}.Release|Any CPU.ActiveCfg = Release|Any CPU
		{9459C6E8-9F94-4D05-AC7A-AB112FC6C0F4}.Release|Any CPU.Build.0 = Release|Any CPU
		{F2FB27A4-016E-4FFB-AB03-7D06502A1F33}.Debug|Any CPU.ActiveCfg = Debug|Any CPU
		{F2FB27A4-016E-4FFB-AB03-7D06502A1F33}.Debug|Any CPU.Build.0 = Debug|Any CPU
		{F2FB27A4-016E-4FFB-AB03-7D06502A1F33}.Release|Any CPU.ActiveCfg = Release|Any CPU
		{F2FB27A4-016E-4FFB-AB03-7D06502A1F33}.Release|Any CPU.Build.0 = Release|Any CPU
		{CD70F02F-DC93-406C-91A1-2E23C65A02E7}.Debug|Any CPU.ActiveCfg = Debug|Any CPU
		{CD70F02F-DC93-406C-91A1-2E23C65A02E7}.Debug|Any CPU.Build.0 = Debug|Any CPU
		{CD70F02F-DC93-406C-91A1-2E23C65A02E7}.Release|Any CPU.ActiveCfg = Release|Any CPU
		{CD70F02F-DC93-406C-91A1-2E23C65A02E7}.Release|Any CPU.Build.0 = Release|Any CPU
		{FD43B39B-7505-445D-BEDC-FB15A29C1190}.Debug|Any CPU.ActiveCfg = Debug|Any CPU
		{FD43B39B-7505-445D-BEDC-FB15A29C1190}.Debug|Any CPU.Build.0 = Debug|Any CPU
		{FD43B39B-7505-445D-BEDC-FB15A29C1190}.Release|Any CPU.ActiveCfg = Release|Any CPU
		{FD43B39B-7505-445D-BEDC-FB15A29C1190}.Release|Any CPU.Build.0 = Release|Any CPU
		{3C03FAC8-DFD4-45F5-9960-F97C46A5830B}.Debug|Any CPU.ActiveCfg = Debug|Any CPU
		{3C03FAC8-DFD4-45F5-9960-F97C46A5830B}.Debug|Any CPU.Build.0 = Debug|Any CPU
		{3C03FAC8-DFD4-45F5-9960-F97C46A5830B}.Release|Any CPU.ActiveCfg = Release|Any CPU
		{3C03FAC8-DFD4-45F5-9960-F97C46A5830B}.Release|Any CPU.Build.0 = Release|Any CPU
		{9EC9C27D-34B9-4222-9CF3-E27EC6710675}.Debug|Any CPU.ActiveCfg = Debug|Any CPU
		{9EC9C27D-34B9-4222-9CF3-E27EC6710675}.Debug|Any CPU.Build.0 = Debug|Any CPU
		{9EC9C27D-34B9-4222-9CF3-E27EC6710675}.Release|Any CPU.ActiveCfg = Release|Any CPU
		{9EC9C27D-34B9-4222-9CF3-E27EC6710675}.Release|Any CPU.Build.0 = Release|Any CPU
		{56A68DF3-2A10-4DC3-AB88-761F62094595}.Debug|Any CPU.ActiveCfg = Debug|Any CPU
		{56A68DF3-2A10-4DC3-AB88-761F62094595}.Debug|Any CPU.Build.0 = Debug|Any CPU
		{56A68DF3-2A10-4DC3-AB88-761F62094595}.Release|Any CPU.ActiveCfg = Release|Any CPU
		{56A68DF3-2A10-4DC3-AB88-761F62094595}.Release|Any CPU.Build.0 = Release|Any CPU
		{CCC90F08-84E3-4024-B556-53A89AD36FC9}.Debug|Any CPU.ActiveCfg = Debug|Any CPU
		{CCC90F08-84E3-4024-B556-53A89AD36FC9}.Debug|Any CPU.Build.0 = Debug|Any CPU
		{CCC90F08-84E3-4024-B556-53A89AD36FC9}.Release|Any CPU.ActiveCfg = Release|Any CPU
		{CCC90F08-84E3-4024-B556-53A89AD36FC9}.Release|Any CPU.Build.0 = Release|Any CPU
		{3C2A408D-820B-4940-9FD9-566DAE6EB1D1}.Debug|Any CPU.ActiveCfg = Debug|Any CPU
		{3C2A408D-820B-4940-9FD9-566DAE6EB1D1}.Debug|Any CPU.Build.0 = Debug|Any CPU
		{3C2A408D-820B-4940-9FD9-566DAE6EB1D1}.Release|Any CPU.ActiveCfg = Release|Any CPU
		{3C2A408D-820B-4940-9FD9-566DAE6EB1D1}.Release|Any CPU.Build.0 = Release|Any CPU
	EndGlobalSection
	GlobalSection(SolutionProperties) = preSolution
		HideSolutionNode = FALSE
	EndGlobalSection
	GlobalSection(NestedProjects) = preSolution
		{9409F482-B729-4199-95A3-BDB8564DCA72} = {C42DE75A-EF47-4CDD-AF26-81D3061D8079}
		{9459C6E8-9F94-4D05-AC7A-AB112FC6C0F4} = {C42DE75A-EF47-4CDD-AF26-81D3061D8079}
		{F2FB27A4-016E-4FFB-AB03-7D06502A1F33} = {2297F717-AE58-4A42-939B-0414A2A8E9CE}
		{CD70F02F-DC93-406C-91A1-2E23C65A02E7} = {6F281117-3F20-4149-B4E1-4147F4E4CCD0}
		{316E5A44-544B-41B7-B495-C4B6AF215590} = {7E7222A1-CC80-44F3-B735-77E1F570E5BE}
		{C42DE75A-EF47-4CDD-AF26-81D3061D8079} = {0677DC2E-0311-4DA6-88B9-65F0A5C2F9EB}
		{2297F717-AE58-4A42-939B-0414A2A8E9CE} = {CEC6F850-DA8A-488D-A220-CED861879666}
		{6F281117-3F20-4149-B4E1-4147F4E4CCD0} = {316E5A44-544B-41B7-B495-C4B6AF215590}
		{ED6C0F1C-6966-4369-9B36-0D3DB1C544BA} = {0677DC2E-0311-4DA6-88B9-65F0A5C2F9EB}
		{CD79CB9E-66C5-41D0-8EF6-6B32330B7E98} = {CEC6F850-DA8A-488D-A220-CED861879666}
		{D697CB8D-67CE-40DD-AC93-0DD41E9EE360} = {316E5A44-544B-41B7-B495-C4B6AF215590}
		{FD43B39B-7505-445D-BEDC-FB15A29C1190} = {CD79CB9E-66C5-41D0-8EF6-6B32330B7E98}
		{3C03FAC8-DFD4-45F5-9960-F97C46A5830B} = {D697CB8D-67CE-40DD-AC93-0DD41E9EE360}
		{9EC9C27D-34B9-4222-9CF3-E27EC6710675} = {ED6C0F1C-6966-4369-9B36-0D3DB1C544BA}
		{52C12897-A26A-42D6-86E7-B667A9094413} = {CEC6F850-DA8A-488D-A220-CED861879666}
		{56A68DF3-2A10-4DC3-AB88-761F62094595} = {52C12897-A26A-42D6-86E7-B667A9094413}
		{41D3FA03-6902-4D5D-9CDB-A8BE94CB930A} = {316E5A44-544B-41B7-B495-C4B6AF215590}
		{CCC90F08-84E3-4024-B556-53A89AD36FC9} = {41D3FA03-6902-4D5D-9CDB-A8BE94CB930A}
		{D732C283-873E-4A04-AEA3-11089E28E8F1} = {0677DC2E-0311-4DA6-88B9-65F0A5C2F9EB}
		{3C2A408D-820B-4940-9FD9-566DAE6EB1D1} = {D732C283-873E-4A04-AEA3-11089E28E8F1}
	EndGlobalSection
	GlobalSection(ExtensibilityGlobals) = postSolution
		SolutionGuid = {70E43CAF-4BE0-4981-8F72-7FCAFEA5FFBC}
	EndGlobalSection
EndGlobal
